# THIS IS AN AUTOGENERATED FILE. DO NOT EDIT THIS FILE DIRECTLY.
# yarn lockfile v1


"@mongodb-js/saslprep@^1.1.5":
  version "1.1.5"
  resolved "https://registry.npmjs.org/@mongodb-js/saslprep/-/saslprep-1.1.5.tgz"
  integrity sha512-XLNOMH66KhJzUJNwT/qlMnS4WsNDWD5ASdyaSH3EtK+F4r/CFGa3jT4GNi4mfOitGvWXtdLgQJkQjxSVrio+jA==
  dependencies:
    sparse-bitfield "^3.0.3"

"@selderee/plugin-htmlparser2@^0.11.0":
  version "0.11.0"
  resolved "https://registry.npmjs.org/@selderee/plugin-htmlparser2/-/plugin-htmlparser2-0.11.0.tgz"
  integrity sha512-P33hHGdldxGabLFjPPpaTxVolMrzrcegejx+0GxjrIb9Zv48D8yAIA/QTDR2dFl7Uz7urX8aX6+5bCZslr+gWQ==
  dependencies:
    domhandler "^5.0.3"
    selderee "^0.11.0"

"@types/webidl-conversions@*":
  version "7.0.3"
  resolved "https://registry.npmjs.org/@types/webidl-conversions/-/webidl-conversions-7.0.3.tgz"
  integrity sha512-CiJJvcRtIgzadHCYXw7dqEnMNRjhGZlYK05Mj9OyktqV8uVT8fD2BFOB7S1uwBE3Kj2Z+4UyPmFw/Ixgw/LAlA==

"@types/whatwg-url@^11.0.2":
  version "11.0.4"
  resolved "https://registry.npmjs.org/@types/whatwg-url/-/whatwg-url-11.0.4.tgz"
  integrity sha512-lXCmTWSHJvf0TRSO58nm978b8HJ/EdsSsEKLd3ODHFjo+3VGAyyTp4v50nWvwtzBxSMQrVOK7tcuN0zGPLICMw==
  dependencies:
    "@types/webidl-conversions" "*"

CSSselect@~0.4.0:
  version "0.4.1"
  resolved "https://registry.npmjs.org/CSSselect/-/CSSselect-0.4.1.tgz"
  integrity sha512-r4HWARRbQ6enGbdPCrl3bNybORIcU0AcBLTyaxcWNTRd6EH2/w9RInHkUbUhwehrBFN1KQz+yFulhyIH31ZXAw==
  dependencies:
    CSSwhat "0.4"
    domutils "1.4"

CSSwhat@0.4:
  version "0.4.7"
  resolved "https://registry.npmjs.org/CSSwhat/-/CSSwhat-0.4.7.tgz"
  integrity sha512-bU5cYG02crjQGDN6wm8USThp/sr/MUulMTrVA1CENSBhv3B+mlJfYDP1em/wJlMT0aYcWso0cuT9NXW74yPfog==

acorn-globals@^1.0.3:
  version "1.0.9"
  resolved "https://registry.npmjs.org/acorn-globals/-/acorn-globals-1.0.9.tgz"
  integrity sha512-j3/4pkfih8W4NK22gxVSXcEonTpAHOHh0hu5BoZrKcOsW/4oBPxTi4Yk3SAj+FhC1f3+bRTkXdm4019gw1vg9g==
  dependencies:
    acorn "^2.1.0"

acorn@^1.0.1:
  version "1.2.2"
  resolved "https://registry.npmjs.org/acorn/-/acorn-1.2.2.tgz"
  integrity sha512-FsqWmApWGMGLKKNpHt12PMc5AK7BaZee0WRh04fCysmTzHe+rrKOa2MKjORhnzfpe4r0JnfdqHn02iDA9Dqj2A==

acorn@^2.1.0:
  version "2.7.0"
  resolved "https://registry.npmjs.org/acorn/-/acorn-2.7.0.tgz"
  integrity sha512-pXK8ez/pVjqFdAgBkF1YPVRacuLQ9EXBKaKWaeh58WNfMkCmZhOZzu+NtKSPD5PHmCCHheQ5cD29qM1K4QTxIg==

after@0.8.1:
  version "0.8.1"
  resolved "https://registry.npmjs.org/after/-/after-0.8.1.tgz"
  integrity sha512-SuI3vWhCFeSmkmmJ3efyuOkrhGyp/AuHthh3F5DinGYh2kR9t/0xUlm3/Vn2qMScfgg+cKho5fW7TUEYUhYeiA==

align-text@^0.1.1, align-text@^0.1.3:
  version "0.1.4"
  resolved "https://registry.npmjs.org/align-text/-/align-text-0.1.4.tgz"
  integrity sha512-GrTZLRpmp6wIC2ztrWW9MjjTgSKccffgFagbNDOX95/dcjEcYZibYTeaOntySQLcdw1ztBoFkviiUvTMbb9MYg==
  dependencies:
    kind-of "^3.0.2"
    longest "^1.0.1"
    repeat-string "^1.5.2"

amdefine@>=0.0.4:
  version "1.0.1"
  resolved "https://registry.npmjs.org/amdefine/-/amdefine-1.0.1.tgz"
  integrity sha512-S2Hw0TtNkMJhIabBwIojKL9YHO5T0n5eNqWJ7Lrlel/zDbftQpxpapi8tZs3X1HWa+u+QeydGmzzNU0m09+Rcg==

arraybuffer.slice@0.0.6:
  version "0.0.6"
  resolved "https://registry.npmjs.org/arraybuffer.slice/-/arraybuffer.slice-0.0.6.tgz"
  integrity sha512-6ZjfQaBSy6CuIH0+B0NrxMfDE5VIOCP/5gOqSpEIsaAZx9/giszzrXg6PZ7G51U/n88UmlAgYLNQ9wAnII7PJA==

asap@~1.0.0:
  version "1.0.0"
  resolved "https://registry.npmjs.org/asap/-/asap-1.0.0.tgz"
  integrity sha512-Ej9qjcXY+8Tuy1cNqiwNMwFRXOy9UwgTeMA8LxreodygIPV48lx8PU1ecFxb5ZeU1DpMKxiq6vGLTxcitWZPbA==

base64-arraybuffer@0.1.2:
  version "0.1.2"
  resolved "https://registry.npmjs.org/base64-arraybuffer/-/base64-arraybuffer-0.1.2.tgz"
  integrity sha512-ewBKKVVPIl78B26mYQHYlaxR7NydMiD/GxwLNIwTAfLIE4xhN2Gxcy30//azq5UrejXjzGpWjcBu3NUJxzMMzg==

base64id@0.1.0:
  version "0.1.0"
  resolved "https://registry.npmjs.org/base64id/-/base64id-0.1.0.tgz"
  integrity sha512-DSjtfjhAsHl9J4OJj7e4+toV2zqxJrGwVd3CLlsCp8QmicvOn7irG0Mb8brOc/nur3SdO8lIbNlY1s1ZDJdUKQ==

batch@0.5.0:
  version "0.5.0"
  resolved "https://registry.npmjs.org/batch/-/batch-0.5.0.tgz"
  integrity sha512-avtDJBSxllB5QGphW1OXYF+ujhy/yIGgeFsvK6UiZLU86nWlqsNcZotUKd001wrl9MmZ9QIyVy8WFVEEpRIc5A==

better-assert@~1.0.0:
  version "1.0.2"
  resolved "https://registry.npmjs.org/better-assert/-/better-assert-1.0.2.tgz"
  integrity sha512-bYeph2DFlpK1XmGs6fvlLRUN29QISM3GBuUwSFsMY2XRx4AvC0WNCS57j4c/xGrK2RS24C1w3YoBOsw9fT46tQ==
  dependencies:
    callsite "1.0.0"

"bind@http://github.com/component/bind/archive/0.0.1.tar.gz":
  version "0.0.1"
  resolved "http://github.com/component/bind/archive/0.0.1.tar.gz"
  integrity sha512-AeEQzLOBXfWoOrTufDvDXxICrOMWJUNDBuv+wEfwuuGBDlFjV6nXwVrKmSTP+E7GiYrrv+69tyFnwmRlkZdj6A==

blob@0.0.2:
  version "0.0.2"
  resolved "https://registry.npmjs.org/blob/-/blob-0.0.2.tgz"
  integrity sha512-BoCcDt8zBGShn6DawAGQw37s9SSs+fEjiZWDzyB+841PbOogcR2X7LGlM4sR3Zsiq/zoyl8MFWDfN6oDSlveBQ==

bson@^6.4.0:
  version "6.5.0"
  resolved "https://registry.npmjs.org/bson/-/bson-6.5.0.tgz"
  integrity sha512-DXf1BTAS8vKyR90BO4x5v3rKVarmkdkzwOrnYDFdjAY694ILNDkmA3uRh1xXJEl+C1DAh8XCvAQ+Gh3kzubtpg==

buffer-crc32@0.2.1:
  version "0.2.1"
  resolved "https://registry.npmjs.org/buffer-crc32/-/buffer-crc32-0.2.1.tgz"
  integrity sha512-vMfBIRp/wjlpueSz7Sb0OmO7C5SH58SSmbsT8G4D48YfO/Zgbr29xNXMpZVSC14ujVJfrZZH1Bl+kXYRQPuvfQ==

bytes@0.2.1, bytes@~0.2.1:
  version "0.2.1"
  resolved "https://registry.npmjs.org/bytes/-/bytes-0.2.1.tgz"
  integrity sha512-odbk8/wGazOuC1v8v4phoV285/yx8UN5kfQhhuxaVcceig4OUiCZQBtaEtmA1Q78QSTN9iXOQ7X2EViybrEvtQ==

callsite@1.0.0:
  version "1.0.0"
  resolved "https://registry.npmjs.org/callsite/-/callsite-1.0.0.tgz"
  integrity sha512-0vdNRFXn5q+dtOqjfFtmtlI9N2eVZ7LMyEV2iKC5mEEFvSg/69Ml6b/WU2qF8W1nLRa0wiSrDT3Y5jOHZCwKPQ==

camelcase@^1.0.2:
  version "1.2.1"
  resolved "https://registry.npmjs.org/camelcase/-/camelcase-1.2.1.tgz"
  integrity sha512-wzLkDa4K/mzI1OSITC+DUyjgIl/ETNHE9QvYgy6J6Jvqyyz4C0Xfd+lQhb19sX2jMpZV4IssUn0VDVmglV+s4g==

center-align@^0.1.1:
  version "0.1.3"
  resolved "https://registry.npmjs.org/center-align/-/center-align-0.1.3.tgz"
  integrity sha512-Baz3aNe2gd2LP2qk5U+sDk/m4oSuwSDcBfayTCTBoWpfIGO5XFxPmjILQII4NGiZjD6DoDI6kf7gKaxkf7s3VQ==
  dependencies:
    align-text "^0.1.3"
    lazy-cache "^1.0.3"

character-parser@1.2.1:
  version "1.2.1"
  resolved "https://registry.npmjs.org/character-parser/-/character-parser-1.2.1.tgz"
  integrity sha512-6OEBVBlf/y8LaAphnbAnt743O3zMhlBer+FO5D40H6wqAdU9B1TvuApkejgLW0cvv0tEZNLktv1AnRI+C87ueQ==

cheerio@0.17.0:
  version "0.17.0"
  resolved "https://registry.npmjs.org/cheerio/-/cheerio-0.17.0.tgz"
  integrity sha512-pakQLw14btS8T4+Q3dgFbe7x447hjsQeEhMJ2kHg8YrOLSmKS0xGl9REnz/eic7dsxS0S9kMRbZcsqrlMAS0dQ==
  dependencies:
    CSSselect "~0.4.0"
    dom-serializer "~0.0.0"
    entities "~1.1.1"
    htmlparser2 "~3.7.2"
    lodash "~2.4.1"

clean-css@^3.1.9:
  version "3.4.28"
  resolved "https://registry.npmjs.org/clean-css/-/clean-css-3.4.28.tgz"
  integrity sha512-aTWyttSdI2mYi07kWqHi24NUU9YlELFKGOAgFzZjDN1064DMAOy2FBuoyGmkKRlXkbpXd0EVHmiVkbKhKoirTw==
  dependencies:
    commander "2.8.x"
    source-map "0.4.x"

cliui@^2.1.0:
  version "2.1.0"
  resolved "https://registry.npmjs.org/cliui/-/cliui-2.1.0.tgz"
  integrity sha512-GIOYRizG+TGoc7Wgc1LiOTLare95R3mzKgoln+Q/lE4ceiYH19gUpl0l0Ffq4lJDEf3FxujMe6IBfOCs7pfqNA==
  dependencies:
    center-align "^0.1.1"
    right-align "^0.1.1"
    wordwrap "0.0.2"

commander@1.3.2:
  version "1.3.2"
  resolved "https://registry.npmjs.org/commander/-/commander-1.3.2.tgz"
  integrity sha512-uoVVA5dchmxZeTMv2Qsd0vhn/RebJYsWo4all1qtrUL3BBhQFn4AQDF4PL+ZvOeK7gczXKEZaSCyMDMwFBlpBg==
  dependencies:
    keypress "0.1.x"

commander@2.8.x:
  version "2.8.1"
  resolved "https://registry.npmjs.org/commander/-/commander-2.8.1.tgz"
  integrity sha512-+pJLBFVk+9ZZdlAOB5WuIElVPPth47hILFkmGym57aq8kwxsowvByvB0DHs1vQAhyMZzdcpTtF0VDKGkSDR4ZQ==
  dependencies:
    graceful-readlink ">= 1.0.0"

commander@~0.6.1:
  version "0.6.1"
  resolved "https://registry.npmjs.org/commander/-/commander-0.6.1.tgz"
  integrity sha512-0fLycpl1UMTGX257hRsu/arL/cUbcvQM4zMKwvLvzXtfdezIV4yotPS2dYtknF+NmEfWSoCEF6+hj9XLm/6hEw==

commander@~2.6.0:
  version "2.6.0"
  resolved "https://registry.npmjs.org/commander/-/commander-2.6.0.tgz"
  integrity sha512-PhbTMT+ilDXZKqH8xbvuUY2ZEQNef0Q7DKxgoEKb4ccytsdvVVJmYqR0sGbi96nxU6oGrwEIQnclpK2NBZuQlg==

connect@2.12.0:
  version "2.12.0"
  resolved "https://registry.npmjs.org/connect/-/connect-2.12.0.tgz"
  integrity sha512-i3poGdQamCEvDhvaFuG99KUDCU1Cvv7S2T6YfpY4X2+a0+uDrUcpRk08AQEge3NhtidVKfODQfpoMW4xlbQ0LQ==
  dependencies:
    batch "0.5.0"
    buffer-crc32 "0.2.1"
    bytes "0.2.1"
    cookie "0.1.0"
    cookie-signature "1.0.1"
    debug ">= 0.7.3 < 1"
    fresh "0.2.0"
    methods "0.1.0"
    multiparty "2.2.0"
    negotiator "0.3.0"
    pause "0.0.1"
    qs "0.6.6"
    raw-body "1.1.2"
    send "0.1.4"
    uid2 "0.0.3"

constantinople@~3.0.1:
  version "3.0.2"
  resolved "https://registry.npmjs.org/constantinople/-/constantinople-3.0.2.tgz"
  integrity sha512-UnEggAQrmhxuTxlb7n1OsTtagNXWUv2CRlOogZhWOU4jLK4EJEbF8UDSNxuGu+jVtWNtO2j51ab2H1wlBIzF/w==
  dependencies:
    acorn "^2.1.0"

cookie-signature@1.0.1:
  version "1.0.1"
  resolved "https://registry.npmjs.org/cookie-signature/-/cookie-signature-1.0.1.tgz"
  integrity sha512-FMG5ziBzXZ5d4j5obbWOH1X7AtIpsU9ce9mQ+lHo/I1++kzz/isNarOj6T1lBPRspP3mZpuIutc7OVDVcaN1Kg==

cookie@0.1.0:
  version "0.1.0"
  resolved "https://registry.npmjs.org/cookie/-/cookie-0.1.0.tgz"
  integrity sha512-YSNOBX085/nzHvrTLEHYHoNdkvpLU1MPjU3r1IGawudZJjfuqnRNIFrcOJJ7bfwC+HWbHL1Y4yMkC0O+HWjV7w==

core-util-is@~1.0.0:
  version "1.0.3"
  resolved "https://registry.npmjs.org/core-util-is/-/core-util-is-1.0.3.tgz"
  integrity sha512-ZQBvi1DcpJ4GDqanjucZ2Hj3wEO5pZDS89BWbkcrvdxksJorwUDDZamX9ldFkp9aw2lmBDLgkObEA4DWNJ9FYQ==

css-parse@1.0.4:
  version "1.0.4"
  resolved "https://registry.npmjs.org/css-parse/-/css-parse-1.0.4.tgz"
  integrity sha512-pfstzKVRZiHprDXdsmtfH1HYUEw22lzjuHdnpe1hscwoQvgW2C5zDQIBE0RKoALEReTn9W1ECdY8uaT/kO4VfA==

css-stringify@1.0.5:
  version "1.0.5"
  resolved "https://registry.npmjs.org/css-stringify/-/css-stringify-1.0.5.tgz"
  integrity sha512-aIThpcErhG5EyHorGqNlTh0TduNBqLrrXLO3x5rku3ZKBxuVfY+T7noyM2G2X/01iQANqJUb6d3+FLoa+N7Xwg==

css@~1.0.8:
  version "1.0.8"
  resolved "https://registry.npmjs.org/css/-/css-1.0.8.tgz"
  integrity sha512-qmTYWhHk910nQWnGqMAiWWPQlB6tESiWgNebQJmiozOAGcBAQ1+U/UzUOkhdrcshlkSRRiKWodwmVvO0OmnIGg==
  dependencies:
    css-parse "1.0.4"
    css-stringify "1.0.5"

debug@*:
  version "4.3.4"
  resolved "https://registry.npmjs.org/debug/-/debug-4.3.4.tgz"
  integrity sha512-PRWFHuSU3eDtQJPvnNY7Jcket1j0t5OuOsFzPPzsekD52Zl8qUfFIPEiswXqIvHWGVHOgX+7G/vCNNhehwxfkQ==
  dependencies:
    ms "2.1.2"

debug@0.6.0:
  version "0.6.0"
  resolved "https://registry.npmjs.org/debug/-/debug-0.6.0.tgz"
  integrity sha512-2vIZf67+gMicLu8McscD1NNhMWbiTSJkhlByoTA1Gw54zOb/9IlxylYG+Kr9z1X2wZTHh1AMSp+YiMjYtLkVUA==

debug@0.7.4:
  version "0.7.4"
  resolved "https://registry.npmjs.org/debug/-/debug-0.7.4.tgz"
  integrity sha512-EohAb3+DSHSGx8carOSKJe8G0ayV5/i609OD0J2orCkuyae7SyZSz2aoLmQF2s0Pj5gITDebwPH7GFBlqOUQ1Q==

"debug@>= 0.7.3 < 1":
  version "0.8.1"
  resolved "https://registry.npmjs.org/debug/-/debug-0.8.1.tgz"
  integrity sha512-HlXEJm99YsRjLJ8xmuz0Lq8YUwrv7hAJkTEr6/Em3sUlSUNl0UdFA+1SrY4fnykeq1FVkUEUtwRGHs9VvlYbGA==

decamelize@^1.0.0:
  version "1.2.0"
  resolved "https://registry.npmjs.org/decamelize/-/decamelize-1.2.0.tgz"
  integrity sha512-z2S+W9X73hAUUki+N+9Za2lBlun89zigOyGrsax+KUQ6wKW4ZoWpEYBkGhQjwAjjDCkWxhY0VKEhk8wzY7F5cA==

deepmerge@^4.3.1:
  version "4.3.1"
  resolved "https://registry.npmjs.org/deepmerge/-/deepmerge-4.3.1.tgz"
  integrity sha512-3sUqbMEc77XqpdNO7FRyRog+eW3ph+GYCbj+rK+uYyRMuwsVy0rMiVtPn+QJlKFvWP/1PYpapqYn0Me2knFn+A==

dom-serializer@0:
  version "0.2.2"
  resolved "https://registry.npmjs.org/dom-serializer/-/dom-serializer-0.2.2.tgz"
  integrity sha512-2/xPb3ORsQ42nHYiSunXkDjPLBaEj/xTwUO4B7XCZQTRk7EBtTOPaygh10YAAh2OI1Qrp6NWfpAhzswj0ydt9g==
  dependencies:
    domelementtype "^2.0.1"
    entities "^2.0.0"

dom-serializer@^2.0.0:
  version "2.0.0"
  resolved "https://registry.npmjs.org/dom-serializer/-/dom-serializer-2.0.0.tgz"
  integrity sha512-wIkAryiqt/nV5EQKqQpo3SToSOV9J0DnbJqwK7Wv/Trc92zIAYZ4FlMu+JPFW1DfGFt81ZTCGgDEabffXeLyJg==
  dependencies:
    domelementtype "^2.3.0"
    domhandler "^5.0.2"
    entities "^4.2.0"

dom-serializer@~0.0.0:
  version "0.0.1"
  resolved "https://registry.npmjs.org/dom-serializer/-/dom-serializer-0.0.1.tgz"
  integrity sha512-evvizoLtT5uMpDT3iKRAx1NmTCk2ZdOD7ATqmL27QJkCv8XQmGKv/eFuvAjHhySNBACREAcXGBqozYhV1dOdag==
  dependencies:
    domelementtype "~1.1.1"
    entities "~1.1.1"

domelementtype@1:
  version "1.3.1"
  resolved "https://registry.npmjs.org/domelementtype/-/domelementtype-1.3.1.tgz"
  integrity sha512-BSKB+TSpMpFI/HOxCNr1O8aMOTZ8hT3pM3GQ0w/mWRmkhEDSFJkkyzz4XQsBV44BChwGkrDfMyjVD0eA2aFV3w==

domelementtype@^2.0.1, domelementtype@^2.3.0:
  version "2.3.0"
  resolved "https://registry.npmjs.org/domelementtype/-/domelementtype-2.3.0.tgz"
  integrity sha512-OLETBj6w0OsagBwdXnPdN0cnMfF9opN69co+7ZrbfPGrdpPVNBUj02spi6B1N7wChLQiPn4CSH/zJvXw56gmHw==

domelementtype@~1.1.1:
  version "1.1.3"
  resolved "https://registry.npmjs.org/domelementtype/-/domelementtype-1.1.3.tgz"
  integrity sha512-zEvAAsFY0DeHkrqWBRkSsmgaE7yADgpez40JUFjISb+uzSinl2F6QbG4lMEBE4P06gCGF6VnsykmbNgu7ZIHzA==

domhandler@2.1:
  version "2.1.0"
  resolved "https://registry.npmjs.org/domhandler/-/domhandler-2.1.0.tgz"
  integrity sha512-4Qr6GTzdsnKVGdYferZT3na5zkswztvfsoyprP/j2bLf1l3pUTamwYvNVldkEYFG6Ll+3eV5mVk0zgRr6iI+SA==
  dependencies:
    domelementtype "1"

domhandler@2.2:
  version "2.2.1"
  resolved "https://registry.npmjs.org/domhandler/-/domhandler-2.2.1.tgz"
  integrity sha512-MFFBQFGkyTuNe3vL9WEw9JdlCwIoBYpOGESLeZAvc/jClYNsOl6P1KzevJbWg76GovdEycfR7/2/Ra7NnqtMKw==
  dependencies:
    domelementtype "1"

domhandler@^5.0.2, domhandler@^5.0.3:
  version "5.0.3"
  resolved "https://registry.npmjs.org/domhandler/-/domhandler-5.0.3.tgz"
  integrity sha512-cgwlv/1iFQiFnU96XXgROh8xTeetsnJiDsTc7TYCLFd9+/WNkIqPTxiM/8pSd8VIrhXGTf1Ny1q1hquVqDJB5w==
  dependencies:
    domelementtype "^2.3.0"

domutils@1.1:
  version "1.1.6"
  resolved "https://registry.npmjs.org/domutils/-/domutils-1.1.6.tgz"
  integrity sha512-ZeagMzMKyk9GSFMqV3x3uHgRN36hLpSOF6LIRXmftce0UUqFsAx/azJAJ4Jc+9DYKmwROH5HLOcOu1OPARWwNg==
  dependencies:
    domelementtype "1"

domutils@1.4:
  version "1.4.3"
  resolved "https://registry.npmjs.org/domutils/-/domutils-1.4.3.tgz"
  integrity sha512-ZkVgS/PpxjyJMb+S2iVHHEZjVnOUtjGp0/zstqKGTE9lrZtNHlNQmLwP/lhLMEApYbzc08BKMx9IFpKhaSbW1w==
  dependencies:
    domelementtype "1"

domutils@1.5:
  version "1.5.1"
  resolved "https://registry.npmjs.org/domutils/-/domutils-1.5.1.tgz"
  integrity sha512-gSu5Oi/I+3wDENBsOWBiRK1eoGxcywYSqg3rR960/+EfY0CF4EX1VPkgHOZ3WiS/Jg2DtliF6BhWcHlfpYUcGw==
  dependencies:
    dom-serializer "0"
    domelementtype "1"

domutils@^3.0.1:
  version "3.1.0"
  resolved "https://registry.npmjs.org/domutils/-/domutils-3.1.0.tgz"
  integrity sha512-H78uMmQtI2AhgDJjWeQmHwJJ2bLPD3GMmO7Zja/ZZh84wkm+4ut+IUnUdRa8uCGX88DiVx1j6FRe1XfxEgjEZA==
  dependencies:
    dom-serializer "^2.0.0"
    domelementtype "^2.3.0"
    domhandler "^5.0.3"

"emitter@http://github.com/component/emitter/archive/1.0.1.tar.gz":
  version "1.0.1"
  resolved "http://github.com/component/emitter/archive/1.0.1.tar.gz"
  integrity sha512-r/UcFj7JS3lRjv9cgYjgpDNbAsGUdqU64n6ZUOgSF7s1UFBbGu7pUDwKEjHu9NBCy6j2AmmjNW4rijR4De65eA==
  dependencies:
    indexof "0.0.1"

encoding-japanese@2.0.0:
  version "2.0.0"
  resolved "https://registry.npmjs.org/encoding-japanese/-/encoding-japanese-2.0.0.tgz"
  integrity sha512-++P0RhebUC8MJAwJOsT93dT+5oc5oPImp1HubZpAuCZ5kTLnhuuBhKHj2jJeO/Gj93idPBWmIuQ9QWMe5rX3pQ==

engine.io-client@1.2.2:
  version "1.2.2"
  resolved "https://registry.npmjs.org/engine.io-client/-/engine.io-client-1.2.2.tgz"
  integrity sha512-kLERXL+bbn9RpnGqJGjBKAuNns+0uWZICwcheVhdAhaw0k2GN8F4cZdp4OgxfiAumQQhDcmhhTIDQtRWCAl8uw==
  dependencies:
    debug "0.7.4"
    emitter "http://github.com/component/emitter/archive/1.0.1.tar.gz"
    engine.io-parser "1.0.6"
    has-cors "1.0.3"
    indexof "0.0.1"
    inherits "2.0.1"
    parsejson "0.0.1"
    parseqs "0.0.2"
    parseuri "0.0.2"
    ws "0.4.31"
    xmlhttprequest "https://github.com/LearnBoost/node-XMLHttpRequest/archive/0f36d0b5ebc03d85f860d42a64ae9791e1daa433.tar.gz"

engine.io-parser@1.0.6:
  version "1.0.6"
  resolved "https://registry.npmjs.org/engine.io-parser/-/engine.io-parser-1.0.6.tgz"
  integrity sha512-ipbmiNj4OfAL9csof0FlI9L2jkU/lgcUphHjnTDo1KABsA21WtsVy/1OjhCj8xxhNIHtxEZ3/t7uB45gEMhD4g==
  dependencies:
    after "0.8.1"
    arraybuffer.slice "0.0.6"
    base64-arraybuffer "0.1.2"
    blob "0.0.2"
    utf8 "2.0.0"

engine.io@1.2.2:
  version "1.2.2"
  resolved "https://registry.npmjs.org/engine.io/-/engine.io-1.2.2.tgz"
  integrity sha512-dhGJIybdz1qYGdQ0lIBePvkzkaMWt/DQk/bYlcjzaCxPvhDt9YonQFPvmz4Be7Q244IKT+tOaaTRLq75dQfzOA==
  dependencies:
    base64id "0.1.0"
    debug "0.6.0"
    engine.io-parser "1.0.6"
    ws "0.4.31"

entities@1.0:
  version "1.0.0"
  resolved "https://registry.npmjs.org/entities/-/entities-1.0.0.tgz"
  integrity sha512-LbLqfXgJMmy81t+7c14mnulFHJ170cM6E+0vMXR9k/ZiZwgX8i5pNgjTCX3SO4VeUsFLV+8InixoretwU+MjBQ==

entities@^2.0.0:
  version "2.2.0"
  resolved "https://registry.npmjs.org/entities/-/entities-2.2.0.tgz"
  integrity sha512-p92if5Nz619I0w+akJrLZH0MX0Pb5DX39XOwQTtXSdQQOaYH03S1uIQp4mhOZtAXrxq4ViO67YTiLBo2638o9A==

entities@^4.2.0, entities@^4.4.0:
  version "4.5.0"
  resolved "https://registry.npmjs.org/entities/-/entities-4.5.0.tgz"
  integrity sha512-V0hjH4dGPh9Ao5p0MoRY6BVqtwCjhz6vI5LT8AJ55H+4g9/4vbHx1I54fS0XuclLhDHArPQCiMjDxjaL8fPxhw==

entities@~1.1.1:
  version "1.1.2"
  resolved "https://registry.npmjs.org/entities/-/entities-1.1.2.tgz"
  integrity sha512-f2LZMYl1Fzu7YSBKg+RoROelpOaNrcGmE9AZubeDfrCEia483oW4MI4VyFd5VNHIgQ/7qm1I0wUHK1eJnn2y2w==

express@3.4.8:
  version "3.4.8"
  resolved "https://registry.npmjs.org/express/-/express-3.4.8.tgz"
  integrity sha512-NC6Ff/tlg4JNjGTrw0is0aOe9k7iAnb3Ra6mF3Be15UscxZKpbP7XCMmXx9EiNpHe9IClbHo6EDslH9eJNo1HQ==
  dependencies:
    buffer-crc32 "0.2.1"
    commander "1.3.2"
    connect "2.12.0"
    cookie "0.1.0"
    cookie-signature "1.0.1"
    debug ">= 0.7.3 < 1"
    fresh "0.2.0"
    merge-descriptors "0.0.1"
    methods "0.1.0"
    mkdirp "0.3.5"
    range-parser "0.0.4"
    send "0.1.4"

fresh@0.2.0:
  version "0.2.0"
  resolved "https://registry.npmjs.org/fresh/-/fresh-0.2.0.tgz"
  integrity sha512-ckGdAuSRr1wBmnq7CsW7eU37DBwQxHx3vW8foJUIrF56rkOy8Osm6Fe8KSwemwyKejivKki7jVBgpBpBJexmrw==

"global@https://github.com/component/global/archive/v2.0.1.tar.gz":
  version "2.0.1"
  resolved "https://github.com/component/global/archive/v2.0.1.tar.gz"
  integrity sha512-O91OcV/NbdmQJPHaRu2ekSP7bqFRLWgqSwaJvqHPZHUwmHBagQYTOra29+LnzzG3lZkXH1ANzHzfCxtAPM9HMA==

"graceful-readlink@>= 1.0.0":
  version "1.0.1"
  resolved "https://registry.npmjs.org/graceful-readlink/-/graceful-readlink-1.0.1.tgz"
  integrity sha512-8tLu60LgxF6XpdbK8OW3FA+IfTNBn1ZHGHKF4KQbEeSkajYw5PlYJcKluntgegDPTg8UkHjpet1T82vk6TQ68w==

has-binary-data@0.1.1:
  version "0.1.1"
  resolved "https://registry.npmjs.org/has-binary-data/-/has-binary-data-0.1.1.tgz"
  integrity sha512-XqIrqIgPlA2gxvHKudDsLJt8Xu8B4DvkHyUWGmLWYOAO0rFOL94Ds4NSveSZ1fCjWX22tQgIiRpDKAETex8GCQ==
  dependencies:
    isarray "0.0.1"

has-cors@1.0.3:
  version "1.0.3"
  resolved "https://registry.npmjs.org/has-cors/-/has-cors-1.0.3.tgz"
  integrity sha512-Mxk1ba23PNtB3zPigreijApS3uuH9bhgZkqQtLQj7ydWHsGeb9uOtk4gsK6mZj4rYG6VNS/CT9G1XkYfgItpKg==
  dependencies:
    global "https://github.com/component/global/archive/v2.0.1.tar.gz"

he@1.2.0:
  version "1.2.0"
  resolved "https://registry.npmjs.org/he/-/he-1.2.0.tgz"
  integrity sha512-F/1DnUGPopORZi0ni+CvrCgHQ5FyEAHRLSApuYWMmrbSwoN2Mn/7k+Gl38gJnR7yyDZk6WLXwiGod1JOWNDKGw==

he@~0.4.1:
  version "0.4.1"
  resolved "https://registry.npmjs.org/he/-/he-0.4.1.tgz"
  integrity sha512-wFn1JlcsgbcWEawQ6A1GztgNRRl6UyEtaARIDpAeH3c35T/9id/QQKvap1NAz6Yk2oKrKwXQZZFERS0tl9E0Jg==

html-to-text@9.0.5:
  version "9.0.5"
  resolved "https://registry.npmjs.org/html-to-text/-/html-to-text-9.0.5.tgz"
  integrity sha512-qY60FjREgVZL03vJU6IfMV4GDjGBIoOyvuFdpBDIX9yTlDw0TjxVBQp+P8NvpdIXNJvfWBTNul7fsAQJq2FNpg==
  dependencies:
    "@selderee/plugin-htmlparser2" "^0.11.0"
    deepmerge "^4.3.1"
    dom-serializer "^2.0.0"
    htmlparser2 "^8.0.2"
    selderee "^0.11.0"

htmlparser2@^8.0.2:
  version "8.0.2"
  resolved "https://registry.npmjs.org/htmlparser2/-/htmlparser2-8.0.2.tgz"
  integrity sha512-GYdjWKDkbRLkZ5geuHs5NY1puJ+PXwP7+fHPRz06Eirsb9ugf6d8kkXav6ADhcODhFFPMIXyxkxSuMf3D6NCFA==
  dependencies:
    domelementtype "^2.3.0"
    domhandler "^5.0.3"
    domutils "^3.0.1"
    entities "^4.4.0"

htmlparser2@~3.3.0:
  version "3.3.0"
  resolved "https://registry.npmjs.org/htmlparser2/-/htmlparser2-3.3.0.tgz"
  integrity sha512-Z8i63n7seuPvRe1PQyrjmoVStv7bjMa0skrOl/k6tnT/5WpPNrzWLB1Hg/dJxBXH/M6KZvm25JQGVCiQGxURLQ==
  dependencies:
    domelementtype "1"
    domhandler "2.1"
    domutils "1.1"
    readable-stream "1.0"

htmlparser2@~3.7.2:
  version "3.7.3"
  resolved "https://registry.npmjs.org/htmlparser2/-/htmlparser2-3.7.3.tgz"
  integrity sha512-XdyuCBH3/tTuRTCMFolbj5stKZek8FK7KVXm+aHYivHmXVo18jINvc2jR5zgFkp//z2KWl5vppTJ4DWhltYruA==
  dependencies:
    domelementtype "1"
    domhandler "2.2"
    domutils "1.5"
    entities "1.0"
    readable-stream "1.1"

iconv-lite@0.6.3:
  version "0.6.3"
  resolved "https://registry.npmjs.org/iconv-lite/-/iconv-lite-0.6.3.tgz"
  integrity sha512-4fCk79wshMdzMp2rH06qWrJE4iolqLhCUH+OiuIgU++RB0+94NlDL81atO7GX55uUKueo0txHNtvEyI6D7WdMw==
  dependencies:
    safer-buffer ">= 2.1.2 < 3.0.0"

indexof@0.0.1:
  version "0.0.1"
  resolved "https://registry.npmjs.org/indexof/-/indexof-0.0.1.tgz"
  integrity sha512-i0G7hLJ1z0DE8dsqJa2rycj9dBmNKgXBvotXtZYXakU9oivfB9Uj2ZBC27qqef2U58/ZLwalxa1X/RDCdkHtVg==

inherits@2.0.1:
  version "2.0.1"
  resolved "https://registry.npmjs.org/inherits/-/inherits-2.0.1.tgz"
  integrity sha512-8nWq2nLTAwd02jTqJExUYFSD/fKq6VH9Y/oG2accc/kdI0V98Bag8d5a4gi3XHz73rDWa2PvTtvcWYquKqSENA==

inherits@~2.0.1:
  version "2.0.4"
  resolved "https://registry.npmjs.org/inherits/-/inherits-2.0.4.tgz"
  integrity sha512-k/vGaX4/Yla3WzyMCvTQOXYeIHvqOKtnqBduzTHpzpQZzAskKMhZ2K+EnBiSM9zGSoIFeMpXKxa4dYeZIQqewQ==

is-buffer@^1.1.5:
  version "1.1.6"
  resolved "https://registry.npmjs.org/is-buffer/-/is-buffer-1.1.6.tgz"
  integrity sha512-NcdALwpXkTm5Zvvbk7owOUSvVvBKDgKP5/ewfXEznmQFfs4ZRmanOeKBTjRVjka3QFoN6XJ+9F3USqfHqTaU5w==

is-promise@^2.0.0:
  version "2.2.2"
  resolved "https://registry.npmjs.org/is-promise/-/is-promise-2.2.2.tgz"
  integrity sha512-+lP4/6lKUBfQjZ2pdxThZvLUAafmZb8OAxFb8XXtiQmS35INgr85hdOGoEs124ez1FCnZJt6jau/T+alh58QFQ==

is-promise@~1:
  version "1.0.1"
  resolved "https://registry.npmjs.org/is-promise/-/is-promise-1.0.1.tgz"
  integrity sha512-mjWH5XxnhMA8cFnDchr6qRP9S/kLntKuEfIYku+PaN1CnS8v+OG9O/BKpRCVRJvpIkgAZm0Pf5Is3iSSOILlcg==

isarray@0.0.1:
  version "0.0.1"
  resolved "https://registry.npmjs.org/isarray/-/isarray-0.0.1.tgz"
  integrity sha512-D2S+3GLxWH+uhrNEcoh/fnmYeP8E8/zHl644d/jdA0g2uyXvy3sb0qxotE+ne0LtccHknQzWwZEzhak7oJ0COQ==

jade@*:
  version "1.11.0"
  resolved "https://registry.npmjs.org/jade/-/jade-1.11.0.tgz"
  integrity sha512-J76sbGKeLtu7uwW97Ntzb1UvGnpKTDplYa9ROr2gNRhM+SxvlBSG0Ees3TQ8+7ya2UVkzMEeFxhRhEpN68s7Tg==
  dependencies:
    character-parser "1.2.1"
    clean-css "^3.1.9"
    commander "~2.6.0"
    constantinople "~3.0.1"
    jstransformer "0.0.2"
    mkdirp "~0.5.0"
    transformers "2.1.0"
    uglify-js "^2.4.19"
    void-elements "~2.0.1"
    with "~4.0.0"

json3@3.2.6:
  version "3.2.6"
  resolved "https://registry.npmjs.org/json3/-/json3-3.2.6.tgz"
  integrity sha512-KA+GHhYTLTo7Ri4DyjwUgW8kn98AYtVZtBC94qL5yD0ZSYct8/eF8qBmTNyk+gPE578bKeIL4WBq+MUyd1I26g==

jstransformer@0.0.2:
  version "0.0.2"
  resolved "https://registry.npmjs.org/jstransformer/-/jstransformer-0.0.2.tgz"
  integrity sha512-b7tmf91j1ChMuYhwbPBnNgB62dmHuqiHpOdd6QLKzde8HydZqm+ud3qWreGWecSxPBFFNOf1Ozjx0xo2plFdHA==
  dependencies:
    is-promise "^2.0.0"
    promise "^6.0.1"

keypress@0.1.x:
  version "0.1.0"
  resolved "https://registry.npmjs.org/keypress/-/keypress-0.1.0.tgz"
  integrity sha512-x0yf9PL/nx9Nw9oLL8ZVErFAk85/lslwEP7Vz7s5SI1ODXZIgit3C5qyWjw4DxOuO/3Hb4866SQh28a1V1d+WA==

kind-of@^3.0.2:
  version "3.2.2"
  resolved "https://registry.npmjs.org/kind-of/-/kind-of-3.2.2.tgz"
  integrity sha512-NOW9QQXMoZGg/oqnVNoNTTIFEIid1627WCffUBJEdMxYApq7mNE7CpzucIPc+ZQg25Phej7IJSmX3hO+oblOtQ==
  dependencies:
    is-buffer "^1.1.5"

lazy-cache@^1.0.3:
  version "1.0.4"
  resolved "https://registry.npmjs.org/lazy-cache/-/lazy-cache-1.0.4.tgz"
  integrity sha512-RE2g0b5VGZsOCFOCgP7omTRYFqydmZkBwl5oNnQ1lDYC57uyO9KqNnNVxT7COSHTxrRCWVcAVOcbjk+tvh/rgQ==

leac@^0.6.0:
  version "0.6.0"
  resolved "https://registry.npmjs.org/leac/-/leac-0.6.0.tgz"
  integrity sha512-y+SqErxb8h7nE/fiEX07jsbuhrpO9lL8eca7/Y1nuWV2moNlXhyd59iDGcRf6moVyDMbmTNzL40SUyrFU/yDpg==

libbase64@1.2.1:
  version "1.2.1"
  resolved "https://registry.npmjs.org/libbase64/-/libbase64-1.2.1.tgz"
  integrity sha512-l+nePcPbIG1fNlqMzrh68MLkX/gTxk/+vdvAb388Ssi7UuUN31MI44w4Yf33mM3Cm4xDfw48mdf3rkdHszLNew==

libbase64@1.3.0:
  version "1.3.0"
  resolved "https://registry.npmjs.org/libbase64/-/libbase64-1.3.0.tgz"
  integrity sha512-GgOXd0Eo6phYgh0DJtjQ2tO8dc0IVINtZJeARPeiIJqge+HdsWSuaDTe8ztQ7j/cONByDZ3zeB325AHiv5O0dg==

libmime@5.2.0:
  version "5.2.0"
  resolved "https://registry.npmjs.org/libmime/-/libmime-5.2.0.tgz"
  integrity sha512-X2U5Wx0YmK0rXFbk67ASMeqYIkZ6E5vY7pNWRKtnNzqjvdYYG8xtPDpCnuUEnPU9vlgNev+JoSrcaKSUaNvfsw==
  dependencies:
    encoding-japanese "2.0.0"
    iconv-lite "0.6.3"
    libbase64 "1.2.1"
    libqp "2.0.1"

libmime@5.3.4:
  version "5.3.4"
  resolved "https://registry.npmjs.org/libmime/-/libmime-5.3.4.tgz"
  integrity sha512-TsqPdercr6DHrnoQx1F0nS2Y4yPT+fWuOjEP2rqzvV77hMYWomTe/rpm0u9JORQ/FavEXybAGcBJsQbLr9+hjA==
  dependencies:
    encoding-japanese "2.0.0"
    iconv-lite "0.6.3"
    libbase64 "1.3.0"
    libqp "2.1.0"

libqp@2.0.1:
  version "2.0.1"
  resolved "https://registry.npmjs.org/libqp/-/libqp-2.0.1.tgz"
  integrity sha512-Ka0eC5LkF3IPNQHJmYBWljJsw0UvM6j+QdKRbWyCdTmYwvIDE6a7bCm0UkTAL/K+3KXK5qXT/ClcInU01OpdLg==

libqp@2.1.0:
  version "2.1.0"
  resolved "https://registry.npmjs.org/libqp/-/libqp-2.1.0.tgz"
  integrity sha512-O6O6/fsG5jiUVbvdgT7YX3xY3uIadR6wEZ7+vy9u7PKHAlSEB6blvC1o5pHBjgsi95Uo0aiBBdkyFecj6jtb7A==

linkify-it@5.0.0:
  version "5.0.0"
  resolved "https://registry.npmjs.org/linkify-it/-/linkify-it-5.0.0.tgz"
  integrity sha512-5aHCbzQRADcdP+ATqnDuhhJ/MRIqDkZX5pyjFHRRysS8vZ5AbqGEoFIb6pYHPZ+L/OC2Lc+xT8uHVVR5CAK/wQ==
  dependencies:
    uc.micro "^2.0.0"

lodash@2.4.x, lodash@~2.4.1:
  version "2.4.2"
  resolved "https://registry.npmjs.org/lodash/-/lodash-2.4.2.tgz"
  integrity sha512-Kak1hi6/hYHGVPmdyiZijoQyz5x2iGVzs6w9GYB/HiXEtylY7tIoYEROMjvM1d9nXJqPOrG2MNPMn01bJ+S0Rw==

lodash@3.3.0:
  version "3.3.0"
  resolved "https://registry.npmjs.org/lodash/-/lodash-3.3.0.tgz"
  integrity sha512-gpux6tVfBHsUdUIciz5HoV0ChAxUTvi0ChpQMIjAsKtg6FTYFtd1B1G0JlqHvAio3teaMVGPDPk2seVq1INwOQ==

longest@^1.0.1:
  version "1.0.1"
  resolved "https://registry.npmjs.org/longest/-/longest-1.0.1.tgz"
  integrity sha512-k+yt5n3l48JU4k8ftnKG6V7u32wyH2NfKzeMto9F/QRE0amxy/LayxwlvjjkZEIzqR+19IrtFO8p5kB9QaYUFg==

mailparser@3.6.9:
  version "3.6.9"
  resolved "https://registry.npmjs.org/mailparser/-/mailparser-3.6.9.tgz"
  integrity sha512-1fIDZlgN1NnuzmTSEUxkaViquXYkw5NbQehVc+kz55QRy98QgLdTtRSKv289Jy4NrCiDchRx6zAijB4HrPsvkA==
  dependencies:
    encoding-japanese "2.0.0"
    he "1.2.0"
    html-to-text "9.0.5"
    iconv-lite "0.6.3"
    libmime "5.3.4"
    linkify-it "5.0.0"
    mailsplit "5.4.0"
    nodemailer "6.9.11"
    punycode "2.3.1"
    tlds "1.250.0"

mailsplit@5.4.0:
  version "5.4.0"
  resolved "https://registry.npmjs.org/mailsplit/-/mailsplit-5.4.0.tgz"
  integrity sha512-wnYxX5D5qymGIPYLwnp6h8n1+6P6vz/MJn5AzGjZ8pwICWssL+CCQjWBIToOVHASmATot4ktvlLo6CyLfOXWYA==
  dependencies:
    libbase64 "1.2.1"
    libmime "5.2.0"
    libqp "2.0.1"

memory-pager@^1.0.2:
  version "1.5.0"
  resolved "https://registry.npmjs.org/memory-pager/-/memory-pager-1.5.0.tgz"
  integrity sha512-ZS4Bp4r/Zoeq6+NLJpP+0Zzm0pR8whtGPf1XExKLJBAczGMnSi3It14OiNCStjQjM6NU1okjQGSxgEZN8eBYKg==

memorystream@0.2.0:
  version "0.2.0"
  resolved "https://registry.npmjs.org/memorystream/-/memorystream-0.2.0.tgz"
  integrity sha512-cOJ91oOtLxeYYO3KjvY4GLZ0HL6GlvIpzIn7Iok00Q1oIbrIfHbWn9svudK4jJ8gjqy6WoEWmm9GU/Wzo1lUaQ==

merge-descriptors@0.0.1:
  version "0.0.1"
  resolved "https://registry.npmjs.org/merge-descriptors/-/merge-descriptors-0.0.1.tgz"
  integrity sha512-1VjrOxz6kouIMS/jZ+oQTAUsXufrF8hVzkfzSxqBh0Wy/KzEqZSvy3OZe/Ntrd5QeHtNCUF1bE0bIRLslzHCcw==

methods@0.1.0:
  version "0.1.0"
  resolved "https://registry.npmjs.org/methods/-/methods-0.1.0.tgz"
  integrity sha512-N4cn4CbDqu7Fp3AT4z3AsO19calgczhsmCGzXLCiUOrWg9sjb1B+yKFKOrnnPGKKvjyJBmw+k6b3adFN2LbuBw==

mime@~1.2.9:
  version "1.2.11"
  resolved "https://registry.npmjs.org/mime/-/mime-1.2.11.tgz"
  integrity sha512-Ysa2F/nqTNGHhhm9MV8ure4+Hc+Y8AWiqUdHxsO7xu8zc92ND9f3kpALHjaP026Ft17UfxrMt95c50PLUeynBw==

minimist@^1.2.6:
  version "1.2.8"
  resolved "https://registry.npmjs.org/minimist/-/minimist-1.2.8.tgz"
  integrity sha512-2yyAR8qBkN3YuheJanUpWC5U3bb5osDywNB8RzDVlDwDHbocAJveqqj1u8+SVD7jkWT4yvsHCpWqqWqAxb0zCA==

mkdirp@0.3.5:
  version "0.3.5"
  resolved "https://registry.npmjs.org/mkdirp/-/mkdirp-0.3.5.tgz"
  integrity sha512-8OCq0De/h9ZxseqzCH8Kw/Filf5pF/vMI6+BH7Lu0jXz2pqYCjTAQRolSxRIi+Ax+oCCjlxoJMP0YQ4XlrQNHg==

mkdirp@~0.5.0:
  version "0.5.6"
  resolved "https://registry.npmjs.org/mkdirp/-/mkdirp-0.5.6.tgz"
  integrity sha512-FP+p8RB8OWpF3YZBCrP5gtADmtXApB5AMLn+vdyA+PyxCjrCs00mjyUozssO33cwDeT3wNGdLxJ5M//YqtHAJw==
  dependencies:
    minimist "^1.2.6"

mongodb-connection-string-url@^3.0.0:
  version "3.0.0"
  resolved "https://registry.npmjs.org/mongodb-connection-string-url/-/mongodb-connection-string-url-3.0.0.tgz"
  integrity sha512-t1Vf+m1I5hC2M5RJx/7AtxgABy1cZmIPQRMXw+gEIPn/cZNF3Oiy+l0UIypUwVB5trcWHq3crg2g3uAR9aAwsQ==
  dependencies:
    "@types/whatwg-url" "^11.0.2"
    whatwg-url "^13.0.0"

mongodb@^6.5.0:
  version "6.5.0"
  resolved "https://registry.npmjs.org/mongodb/-/mongodb-6.5.0.tgz"
  integrity sha512-Fozq68InT+JKABGLqctgtb8P56pRrJFkbhW0ux+x1mdHeyinor8oNzJqwLjV/t5X5nJGfTlluxfyMnOXNggIUA==
  dependencies:
    "@mongodb-js/saslprep" "^1.1.5"
    bson "^6.4.0"
    mongodb-connection-string-url "^3.0.0"

ms@2.1.2:
  version "2.1.2"
  resolved "https://registry.npmjs.org/ms/-/ms-2.1.2.tgz"
  integrity sha512-sGkPx+VjMtmA6MX27oA4FBFELFCZZ4S4XqeGOXCv68tT+jb3vk/RyaKWP0PTKyWtmLSM0b+adUTEvbs1PEaH2w==

multiparty@2.2.0:
  version "2.2.0"
  resolved "https://registry.npmjs.org/multiparty/-/multiparty-2.2.0.tgz"
  integrity sha512-fiFMI4tSze1TsrWFZNABRwy7kF/VycEWz4t0UFESOoP5IdJh29AUFmbirWXv/Ih/rNw62OO2YaQpQEiw1BFQpQ==
  dependencies:
    readable-stream "~1.1.9"
    stream-counter "~0.2.0"

nan@~0.3.0:
  version "0.3.2"
  resolved "https://registry.npmjs.org/nan/-/nan-0.3.2.tgz"
  integrity sha512-V9/Pyy5Oelv6vVJP9X+dAzU3IO19j6YXrJnODHxP2h54hTvfFQGahdsQV6Ule/UukiEJk1SkQ/aUyWUm61RBQw==

negotiator@0.3.0:
  version "0.3.0"
  resolved "https://registry.npmjs.org/negotiator/-/negotiator-0.3.0.tgz"
  integrity sha512-q9wF64uB31BDZQ44DWf+8gE7y8xSpBdREAsJfnBO2WX9ecsutfUO6S9uWEdixlDLOlWaqnlnFXXwZxUUmyLfgg==

node-rdpjs@^0.3.0:
  version "0.3.0"
  resolved "https://registry.npmjs.org/node-rdpjs/-/node-rdpjs-0.3.0.tgz"
  integrity sha512-k0p31bhAkv4YB4Vt0WWona36z3FCLVat37dkxQhnAFG5Xmd46h5E+gqDPAacHT5k8RFLB+Aoy0tlTYY9PWkI4w==
  dependencies:
    lodash "3.3.0"
    starttls "^1.0.0"

nodemailer@6.9.11:
  version "6.9.11"
  resolved "https://registry.npmjs.org/nodemailer/-/nodemailer-6.9.11.tgz"
  integrity sha512-UiAkgiERuG94kl/3bKfE8o10epvDnl0vokNEtZDPTq9BWzIl6EFT9336SbIT4oaTBD8NmmUTLsQyXHV82eXSWg==

object-component@0.0.3:
  version "0.0.3"
  resolved "https://registry.npmjs.org/object-component/-/object-component-0.0.3.tgz"
  integrity sha512-S0sN3agnVh2SZNEIGc0N1X4Z5K0JeFbGBrnuZpsxuUh5XLF0BnvWkMjRXo/zGKLd/eghvNIKcx1pQkmUjXIyrA==

optimist@~0.3.5:
  version "0.3.7"
  resolved "https://registry.npmjs.org/optimist/-/optimist-0.3.7.tgz"
  integrity sha512-TCx0dXQzVtSCg2OgY/bO9hjM9cV4XYx09TVK+s3+FhkjT6LovsLe+pPMzpWf+6yXK/hUizs2gUoTw3jHM0VaTQ==
  dependencies:
    wordwrap "~0.0.2"

options@>=0.0.5:
  version "0.0.6"
  resolved "https://registry.npmjs.org/options/-/options-0.0.6.tgz"
  integrity sha512-bOj3L1ypm++N+n7CEbbe473A414AB7z+amKYshRb//iuL3MpdDCLhPnw6aVTdKB9g5ZRVHIEp8eUln6L2NUStg==

parsejson@0.0.1:
  version "0.0.1"
  resolved "https://registry.npmjs.org/parsejson/-/parsejson-0.0.1.tgz"
  integrity sha512-W9CRvTfYQY/kbRc5Q6YTWarb/QDxdEGbd6RCP8CLUQDJV89RVHoS2A0dZYNtAcq31fulGNN4ZhAhiQQazwlKJg==
  dependencies:
    better-assert "~1.0.0"

parseley@^0.12.0:
  version "0.12.1"
  resolved "https://registry.npmjs.org/parseley/-/parseley-0.12.1.tgz"
  integrity sha512-e6qHKe3a9HWr0oMRVDTRhKce+bRO8VGQR3NyVwcjwrbhMmFCX9KszEV35+rn4AdilFAq9VPxP/Fe1wC9Qjd2lw==
  dependencies:
    leac "^0.6.0"
    peberminta "^0.9.0"

parseqs@0.0.2:
  version "0.0.2"
  resolved "https://registry.npmjs.org/parseqs/-/parseqs-0.0.2.tgz"
  integrity sha512-vyyyfQGUFZnDhgrrdn+hh1JuOfvbXU5oRr6dijfkSIbaFuxGgTSCA/RNVcsADmo0k2NX6wERVTMKkXokjuObJA==
  dependencies:
    better-assert "~1.0.0"

parseuri@0.0.2:
  version "0.0.2"
  resolved "https://registry.npmjs.org/parseuri/-/parseuri-0.0.2.tgz"
  integrity sha512-m0H+R0u5LXOx8sbxufnvgKrRLpkVpvtMf0AyWXYSqLwo2MWrVEgCIbgpaSVa398xl6wTLe0A7CGhiC4hBdEzHQ==
  dependencies:
    better-assert "~1.0.0"

pause@0.0.1:
  version "0.0.1"
  resolved "https://registry.npmjs.org/pause/-/pause-0.0.1.tgz"
  integrity sha512-KG8UEiEVkR3wGEb4m5yZkVCzigAD+cVEJck2CzYZO37ZGJfctvVptVO192MwrtPhzONn6go8ylnOdMhKqi4nfg==

peberminta@^0.9.0:
  version "0.9.0"
  resolved "https://registry.npmjs.org/peberminta/-/peberminta-0.9.0.tgz"
  integrity sha512-XIxfHpEuSJbITd1H3EeQwpcZbTLHc+VVr8ANI9t5sit565tsI4/xK3KWTUFE2e6QiangUkh3B0jihzmGnNrRsQ==

promise@^6.0.1:
  version "6.1.0"
  resolved "https://registry.npmjs.org/promise/-/promise-6.1.0.tgz"
  integrity sha512-O+uwGKreKNKkshzZv2P7N64lk6EP17iXBn0PbUnNQhk+Q0AHLstiTrjkx3v5YBd3cxUe7Sq6KyRhl/A0xUjk7Q==
  dependencies:
    asap "~1.0.0"

promise@~2.0:
  version "2.0.0"
  resolved "https://registry.npmjs.org/promise/-/promise-2.0.0.tgz"
  integrity sha512-OgMc+sxI3zWF8D5BJGtA0z7/IsrDy1/0cPaDv6HPpqa2fSTo7AdON5U10NbZCUeF+zCAj3PtfPE50Hf02386aA==
  dependencies:
    is-promise "~1"

punycode@2.3.1, punycode@^2.3.0:
  version "2.3.1"
  resolved "https://registry.npmjs.org/punycode/-/punycode-2.3.1.tgz"
  integrity sha512-vYt7UD1U9Wg6138shLtLOvdAu+8DsC/ilFtEVHcH+wydcSpNE20AfSOduf6MkRFahL5FY7X1oU7nKVZFtfq8Fg==

qs@0.6.6:
  version "0.6.6"
  resolved "https://registry.npmjs.org/qs/-/qs-0.6.6.tgz"
  integrity sha512-kN+yNdAf29Jgp+AYHUmC7X4QdJPR8czuMWLNLc0aRxkQ7tB3vJQEONKKT9ou/rW7EbqVec11srC9q9BiVbcnHA==

rai@~0.1.11:
  version "0.1.12"
  resolved "https://registry.npmjs.org/rai/-/rai-0.1.12.tgz"
  integrity sha512-2hGgkmT6rH8RCWDcpj71QGOliE2M0BH3AThwA10PBmvADpDnVhZuM7wzsZtzpkZBSBMxzkV+II3JLHDoneDXEA==

range-parser@0.0.4:
  version "0.0.4"
  resolved "https://registry.npmjs.org/range-parser/-/range-parser-0.0.4.tgz"
  integrity sha512-okJVEq9DbZyg+5lD8pr6ooQmeA0uu8DYIyAU7VK1WUUK7hctI1yw2ZHhKiKjB6RXaDrYRmTR4SsIHkyiQpaLMA==

raw-body@1.1.2:
  version "1.1.2"
  resolved "https://registry.npmjs.org/raw-body/-/raw-body-1.1.2.tgz"
  integrity sha512-9Vyxam2+QrtmNIc3mFrwazAXOeQdxgFvS3vvkvH02R5YbdsaSqL4N9M93s0znkh0q4cGBk8CbrqOSGkz3BUeDg==
  dependencies:
    bytes "~0.2.1"

readable-stream@1.0:
  version "1.0.34"
  resolved "https://registry.npmjs.org/readable-stream/-/readable-stream-1.0.34.tgz"
  integrity sha512-ok1qVCJuRkNmvebYikljxJA/UEsKwLl2nI1OmaqAu4/UE+h0wKCHok4XkL/gvi39OacXvw59RJUOFUkDib2rHg==
  dependencies:
    core-util-is "~1.0.0"
    inherits "~2.0.1"
    isarray "0.0.1"
    string_decoder "~0.10.x"

readable-stream@1.1, readable-stream@~1.1.8, readable-stream@~1.1.9:
  version "1.1.14"
  resolved "https://registry.npmjs.org/readable-stream/-/readable-stream-1.1.14.tgz"
  integrity sha512-+MeVjFf4L44XUkhM1eYbD8fyEsxcV81pqMSR5gblfcLCHfZvbrqy4/qYHE+/R5HoBUT11WV5O08Cr1n3YXkWVQ==
  dependencies:
    core-util-is "~1.0.0"
    inherits "~2.0.1"
    isarray "0.0.1"
    string_decoder "~0.10.x"

repeat-string@^1.5.2:
  version "1.6.1"
  resolved "https://registry.npmjs.org/repeat-string/-/repeat-string-1.6.1.tgz"
  integrity sha512-PV0dzCYDNfRi1jCDbJzpW7jNNDRuCOG/jI5ctQcGKt/clZD+YcPS3yIlWuTJMmESC8aevCFmWJy5wjAFgNqN6w==

right-align@^0.1.1:
  version "0.1.3"
  resolved "https://registry.npmjs.org/right-align/-/right-align-0.1.3.tgz"
  integrity sha512-yqINtL/G7vs2v+dFIZmFUDbnVyFUJFKd6gK22Kgo6R4jfJGFtisKyncWDDULgjfqf4ASQuIQyjJ7XZ+3aWpsAg==
  dependencies:
    align-text "^0.1.1"

"safer-buffer@>= 2.1.2 < 3.0.0":
  version "2.1.2"
  resolved "https://registry.npmjs.org/safer-buffer/-/safer-buffer-2.1.2.tgz"
  integrity sha512-YZo3K82SD7Riyi0E1EQPojLz7kpepnSQI9IyPbHHg1XXXevb5dJI7tpyN2ADxGcQbHG7vcyRHk0cbwqcQriUtg==

sanitize-html@1.1.7:
  version "1.1.7"
  resolved "https://registry.npmjs.org/sanitize-html/-/sanitize-html-1.1.7.tgz"
  integrity sha512-6NYVA+sUJM+p+8Ncpv4LYYbqMMRWKpbs134FBEuXWi5LH2DS5cMoL/JvVr6PtP+JWahs63kOEn7ZwjIHArMkCQ==
  dependencies:
    he "~0.4.1"
    htmlparser2 "~3.3.0"
    lodash "2.4.x"

selderee@^0.11.0:
  version "0.11.0"
  resolved "https://registry.npmjs.org/selderee/-/selderee-0.11.0.tgz"
  integrity sha512-5TF+l7p4+OsnP8BCCvSyZiSPc4x4//p5uPwK8TCnVPJYRmU2aYKMpOXvw8zM5a5JvuuCGN1jmsMwuU2W02ukfA==
  dependencies:
    parseley "^0.12.0"

send@0.1.4:
  version "0.1.4"
  resolved "https://registry.npmjs.org/send/-/send-0.1.4.tgz"
  integrity sha512-NJnIaB29/EcNqkNneUAm16oEVnzM2LeNBc/hmgKuExv2k9pCZQEw8SHJeCdjqesHJTyWAr7x5HjeOmRFS4BoFw==
  dependencies:
    debug "*"
    fresh "0.2.0"
    mime "~1.2.9"
    range-parser "0.0.4"

simplesmtp@0.3.35:
  version "0.3.35"
  resolved "https://registry.yarnpkg.com/simplesmtp/-/simplesmtp-0.3.35.tgz#017b1eb8b26317ac36d2a2a8a932631880736a03"
  integrity sha512-iyZStSmRkqM2Cdu74pPbOytjv6wq5RPI78Gzw8vmmW5dclEDhuwAfwvo8XzrAdlrzBPs1VSNGxiN22Fj0lF9AA==
  dependencies:
    rai "~0.1.11"
    xoauth2 "~0.1.8"

socket.io-adapter@0.2.0:
  version "0.2.0"
  resolved "https://registry.npmjs.org/socket.io-adapter/-/socket.io-adapter-0.2.0.tgz"
  integrity sha512-3PlX+MOlpHiY+ZTbKhpE4i+M4u8hFUlVyqFP4K/mH+t+D9bMKATFqUUY3zWQMEo2g/1ckosURXviQw6M8R/y8A==
  dependencies:
    debug "0.7.4"
    socket.io-parser "2.1.2"

socket.io-client@1.0.4:
  version "1.0.4"
  resolved "https://registry.npmjs.org/socket.io-client/-/socket.io-client-1.0.4.tgz"
  integrity sha512-mEcNysgMCTfkcrOy8UP3VpXFBdyT4XBhuRLbBRwAbikmlYSH28OyW3CO5oeUjY/mLVZbuywci4lOlY598MII0Q==
  dependencies:
    bind "http://github.com/component/bind/archive/0.0.1.tar.gz"
    debug "0.7.4"
    emitter "http://github.com/component/emitter/archive/1.0.1.tar.gz"
    engine.io-client "1.2.2"
    has-binary-data "0.1.1"
    indexof "0.0.1"
    object-component "0.0.3"
    parseuri "0.0.2"
    socket.io-parser "2.2.0"
    to-array "0.1.3"

socket.io-parser@2.1.2:
  version "2.1.2"
  resolved "https://registry.npmjs.org/socket.io-parser/-/socket.io-parser-2.1.2.tgz"
  integrity sha512-eVkt8prgw20H+4P8Iw6tis/w7leiN5EW/93Vq+KL8w+yNJu+QNgaej2Cgt8FhVCVuN3AHyLU50vXvM8cpUR1JQ==
  dependencies:
    debug "0.7.4"
    emitter "http://github.com/component/emitter/archive/1.0.1.tar.gz"
    isarray "0.0.1"
    json3 "3.2.6"

socket.io-parser@2.2.0:
  version "2.2.0"
  resolved "https://registry.npmjs.org/socket.io-parser/-/socket.io-parser-2.2.0.tgz"
  integrity sha512-uW3UiLVibAyleKq8r/yZe1oPO51olhY18T6HtnN0iI6RLqJfYC0YiyAFlsPw1+8I0Z1qFd8jFLTRZo2vr6ISxA==
  dependencies:
    debug "0.7.4"
    emitter "http://github.com/component/emitter/archive/1.0.1.tar.gz"
    isarray "0.0.1"
    json3 "3.2.6"

socket.io@1.0.4:
  version "1.0.4"
  resolved "https://registry.npmjs.org/socket.io/-/socket.io-1.0.4.tgz"
  integrity sha512-3PCpXWSjtROHKniB2R162XRgvSD0WjRhn8UKeyx/5yNFpL/KOyaLghp2Xg0GmR27FMsLbT9om1f3E8EkdsOLCg==
  dependencies:
    debug "0.7.4"
    engine.io "1.2.2"
    has-binary-data "0.1.1"
    socket.io-adapter "0.2.0"
    socket.io-client "1.0.4"
    socket.io-parser "2.2.0"

source-map@0.4.x:
  version "0.4.4"
  resolved "https://registry.npmjs.org/source-map/-/source-map-0.4.4.tgz"
  integrity sha512-Y8nIfcb1s/7DcobUz1yOO1GSp7gyL+D9zLHDehT7iRESqGSxjJ448Sg7rvfgsRJCnKLdSl11uGf0s9X80cH0/A==
  dependencies:
    amdefine ">=0.0.4"

source-map@~0.1.7:
  version "0.1.43"
  resolved "https://registry.npmjs.org/source-map/-/source-map-0.1.43.tgz"
  integrity sha512-VtCvB9SIQhk3aF6h+N85EaqIaBFIAfZ9Cu+NJHHVvc8BbEcnvDcFw6sqQ2dQrT6SlOrZq3tIvyD9+EGq/lJryQ==
  dependencies:
    amdefine ">=0.0.4"

source-map@~0.5.1:
  version "0.5.7"
  resolved "https://registry.npmjs.org/source-map/-/source-map-0.5.7.tgz"
  integrity sha512-LbrmJOMUSdEVxIKvdcJzQC+nQhe8FUZQTXQy6+I75skNgn3OoQ0DZA8YnFa7gp8tqtL3KPf1kmo0R5DoApeSGQ==

sparse-bitfield@^3.0.3:
  version "3.0.3"
  resolved "https://registry.npmjs.org/sparse-bitfield/-/sparse-bitfield-3.0.3.tgz"
  integrity sha512-kvzhi7vqKTfkh0PZU+2D2PIllw2ymqJKujUcyPMd9Y75Nv4nPbGJZXNhxsgdQab2BmlDct1YnfQCguEvHr7VsQ==
  dependencies:
    memory-pager "^1.0.2"

starttls@^1.0.0:
  version "1.0.1"
  resolved "https://registry.npmjs.org/starttls/-/starttls-1.0.1.tgz"
  integrity sha512-mfOPDJsq1GSvCyl6qQK5Slj486+6c2E/DJ3vo0TXs4kB+6xFBBuua2ngiudFyjpRYr9BIibsW9wn/5gl4EPaoA==

stream-counter@~0.2.0:
  version "0.2.0"
  resolved "https://registry.npmjs.org/stream-counter/-/stream-counter-0.2.0.tgz"
  integrity sha512-GjA2zKc2iXUUKRcOxXQmhEx0Ev3XHJ6c8yWGqhQjWwhGrqNwSsvq9YlRLgoGtZ5Kx2Ln94IedaqJ5GUG6aBbxA==
  dependencies:
    readable-stream "~1.1.8"

string_decoder@~0.10.x:
  version "0.10.31"
  resolved "https://registry.npmjs.org/string_decoder/-/string_decoder-0.10.31.tgz"
  integrity sha512-ev2QzSzWPYmy9GuqfIVildA4OdcGLeFZQrq5ys6RtiuF+RQQiZWr8TZNyAcuVXyQRYfEO+MsoB/1BuQVhOJuoQ==

tinycolor@0.x:
  version "0.0.1"
  resolved "https://registry.npmjs.org/tinycolor/-/tinycolor-0.0.1.tgz"
  integrity sha512-+CorETse1kl98xg0WAzii8DTT4ABF4R3nquhrkIbVGcw1T8JYs5Gfx9xEfGINPUZGDj9C4BmOtuKeaTtuuRolg==

tlds@1.250.0:
  version "1.250.0"
  resolved "https://registry.npmjs.org/tlds/-/tlds-1.250.0.tgz"
  integrity sha512-rWsBfFCWKrjM/o2Q1TTUeYQv6tHSd/umUutDjVs6taTuEgRDIreVYIBgWRWW4ot7jp6n0UVUuxhTLWBtUmPu/w==

to-array@0.1.3:
  version "0.1.3"
  resolved "https://registry.npmjs.org/to-array/-/to-array-0.1.3.tgz"
  integrity sha512-JQk/QMS4oHyU2VufVeyjN25dcnZnr1PV1pa1oKSj7l5tVO9WrU62og3fYzB3mrgJZZgBxdrrA/v6iZzMDuyFYw==

tr46@^4.1.1:
  version "4.1.1"
  resolved "https://registry.npmjs.org/tr46/-/tr46-4.1.1.tgz"
  integrity sha512-2lv/66T7e5yNyhAAC4NaKe5nVavzuGJQVVtRYLyQ2OI8tsJ61PMLlelehb0wi2Hx6+hT/OJUWZcw8MjlSRnxvw==
  dependencies:
    punycode "^2.3.0"

transformers@2.1.0:
  version "2.1.0"
  resolved "https://registry.npmjs.org/transformers/-/transformers-2.1.0.tgz"
  integrity sha512-zJf5m2EIOngmBbDe2fhTPpCjzM2qkZVqrFJZc2jaln+KBeEaYKhS2QMOIkfVrNUyoOwqgbTwOHATzr3jZRQDyg==
  dependencies:
    css "~1.0.8"
    promise "~2.0"
    uglify-js "~2.2.5"

uc.micro@^2.0.0:
  version "2.1.0"
  resolved "https://registry.npmjs.org/uc.micro/-/uc.micro-2.1.0.tgz"
  integrity sha512-ARDJmphmdvUk6Glw7y9DQ2bFkKBHwQHLi2lsaH6PPmz/Ka9sFOBsBluozhDltWmnv9u/cF6Rt87znRTPV+yp/A==

uglify-js@^2.4.19:
  version "2.8.29"
  resolved "https://registry.npmjs.org/uglify-js/-/uglify-js-2.8.29.tgz"
  integrity sha512-qLq/4y2pjcU3vhlhseXGGJ7VbFO4pBANu0kwl8VCa9KEI0V8VfZIx2Fy3w01iSTA/pGwKZSmu/+I4etLNDdt5w==
  dependencies:
    source-map "~0.5.1"
    yargs "~3.10.0"
  optionalDependencies:
    uglify-to-browserify "~1.0.0"

uglify-js@~2.2.5:
  version "2.2.5"
  resolved "https://registry.npmjs.org/uglify-js/-/uglify-js-2.2.5.tgz"
  integrity sha512-viLk+/8G0zm2aKt1JJAVcz5J/5ytdiNaIsKgrre3yvSUjwVG6ZUujGH7E2TiPigZUwLYCe7eaIUEP2Zka2VJPA==
  dependencies:
    optimist "~0.3.5"
    source-map "~0.1.7"

uglify-to-browserify@~1.0.0:
  version "1.0.2"
  resolved "https://registry.npmjs.org/uglify-to-browserify/-/uglify-to-browserify-1.0.2.tgz"
  integrity sha512-vb2s1lYx2xBtUgy+ta+b2J/GLVUR+wmpINwHePmPRhOsIVCG2wDzKJ0n14GslH1BifsqVzSOwQhRaCAsZ/nI4Q==

uid2@0.0.3:
  version "0.0.3"
  resolved "https://registry.npmjs.org/uid2/-/uid2-0.0.3.tgz"
  integrity sha512-5gSP1liv10Gjp8cMEnFd6shzkL/D6W1uhXSFNCxDC+YI8+L8wkCYCbJ7n77Ezb4wE/xzMogecE+DtamEe9PZjg==

utf8@2.0.0:
  version "2.0.0"
  resolved "https://registry.npmjs.org/utf8/-/utf8-2.0.0.tgz"
  integrity sha512-jWXHr+bQ8RsWazLzVY3V7XACPTbBHYSg/VoDVok+DBQk5ULm0AuBCNb9tGmjq2H+znnkBFwjhzzCbn9G3xlYcA==

void-elements@~2.0.1:
  version "2.0.1"
  resolved "https://registry.npmjs.org/void-elements/-/void-elements-2.0.1.tgz"
  integrity sha512-qZKX4RnBzH2ugr8Lxa7x+0V6XD9Sb/ouARtiasEQCHB1EVU4NXtmHsDDrx1dO4ne5fc3J6EW05BP1Dl0z0iung==

webidl-conversions@^7.0.0:
  version "7.0.0"
  resolved "https://registry.npmjs.org/webidl-conversions/-/webidl-conversions-7.0.0.tgz"
  integrity sha512-VwddBukDzu71offAQR975unBIGqfKZpM+8ZX6ySk8nYhVoo5CYaZyzt3YBvYtRtO+aoGlqxPg/B87NGVZ/fu6g==

whatwg-url@^13.0.0:
  version "13.0.0"
  resolved "https://registry.npmjs.org/whatwg-url/-/whatwg-url-13.0.0.tgz"
  integrity sha512-9WWbymnqj57+XEuqADHrCJ2eSXzn8WXIW/YSGaZtb2WKAInQ6CHfaUUcTyyver0p8BDg5StLQq8h1vtZuwmOig==
  dependencies:
    tr46 "^4.1.1"
    webidl-conversions "^7.0.0"

window-size@0.1.0:
  version "0.1.0"
  resolved "https://registry.npmjs.org/window-size/-/window-size-0.1.0.tgz"
  integrity sha512-1pTPQDKTdd61ozlKGNCjhNRd+KPmgLSGa3mZTHoOliaGcESD8G1PXhh7c1fgiPjVbNVfgy2Faw4BI8/m0cC8Mg==

with@~4.0.0:
  version "4.0.3"
  resolved "https://registry.npmjs.org/with/-/with-4.0.3.tgz"
  integrity sha512-mJZFpyEc1JTAdxhi/vhVeAM2S7vsltEKDiexDDo1HuAzlYKhcVUU6cwY8cHrFYdt82ZNkfKCeyhA3IYFegI0Kg==
  dependencies:
    acorn "^1.0.1"
    acorn-globals "^1.0.3"

wordwrap@0.0.2:
  version "0.0.2"
  resolved "https://registry.npmjs.org/wordwrap/-/wordwrap-0.0.2.tgz"
  integrity sha512-xSBsCeh+g+dinoBv3GAOWM4LcVVO68wLXRanibtBSdUvkGWQRGeE9P7IwU9EmDDi4jA6L44lz15CGMwdw9N5+Q==

wordwrap@~0.0.2:
  version "0.0.3"
  resolved "https://registry.npmjs.org/wordwrap/-/wordwrap-0.0.3.tgz"
  integrity sha512-1tMA907+V4QmxV7dbRvb4/8MaRALK6q9Abid3ndMYnbyo8piisCmeONVqVSXqQA3KaP4SLt5b7ud6E2sqP8TFw==

ws@0.4.31:
  version "0.4.31"
  resolved "https://registry.npmjs.org/ws/-/ws-0.4.31.tgz"
  integrity sha512-mWiVQ9qZGPXvLxQ4xGy58Ix5Bw0L99SB+hDT8L59bty4fbnQczaGl4YEWR7AzLQGbvPn/30r9/o41dPiSuUmYw==
  dependencies:
    commander "~0.6.1"
    nan "~0.3.0"
    options ">=0.0.5"
    tinycolor "0.x"

"xmlhttprequest@https://github.com/LearnBoost/node-XMLHttpRequest/archive/0f36d0b5ebc03d85f860d42a64ae9791e1daa433.tar.gz":
  version "1.5.0"
  resolved "https://github.com/LearnBoost/node-XMLHttpRequest/archive/0f36d0b5ebc03d85f860d42a64ae9791e1daa433.tar.gz"
  integrity sha512-TVSZwoeUQ7OKhb8jnQdSxGFz+lm4MGWmhG0deeYg85VQT74x5LcSrKeXHE0ZIzEycgqQ5mF8r8e1AykA7TpNAQ==

xoauth2@~0.1.8:
  version "0.1.8"
  resolved "https://registry.npmjs.org/xoauth2/-/xoauth2-0.1.8.tgz"
  integrity sha512-pIjeEM2qvkwE23U6mnugihmlntul1Z+TqOhkZ9/5oE3opRGnSIQ7Srb+0M9BkEKgcVhqCFfhNh3zWcE3EvMfVQ==

yargs@~3.10.0:
  version "3.10.0"
  resolved "https://registry.npmjs.org/yargs/-/yargs-3.10.0.tgz"
  integrity sha512-QFzUah88GAGy9lyDKGBqZdkYApt63rCXYBGYnEP4xDJPXNqXXnBDACnbrXnViV6jRSqAePwrATi2i8mfYm4L1A==
  dependencies:
    camelcase "^1.0.2"
    cliui "^2.1.0"
    decamelize "^1.0.0"
    window-size "0.1.0"
